
Microsoft Visual Studio Solution File, Format Version 12.00
# Visual Studio Version 16
VisualStudioVersion = 16.0.29215.179
MinimumVisualStudioVersion = 10.0.40219.1
Project("{FAE04EC0-301F-11D3-BF4B-00C04F79EFBC}") = "MiSeDriverFinder", "MiSeDriverFinder.csproj", "{A624F87F-2ABE-413B-BC31-67F981F0610B}"
EndProject
Global
	GlobalSection(SolutionConfigurationPlatforms) = preSolution
		Debug|Any CPU = Debug|Any CPU
		Release|Any CPU = Release|Any CPU
	EndGlobalSection
	GlobalSection(ProjectConfigurationPlatforms) = postSolution
		{A624F87F-2ABE-413B-BC31-67F981F0610B}.Debug|Any CPU.ActiveCfg = Debug|Any CPU
		{A624F87F-2ABE-413B-BC31-67F981F0610B}.Debug|Any CPU.Build.0 = Debug|Any CPU
		{A624F87F-2ABE-413B-BC31-67F981F0610B}.Release|Any CPU.ActiveCfg = Release|Any CPU
		{A624F87F-2ABE-413B-BC31-67F981F0610B}.Release|Any CPU.Build.0 = Release|Any CPU
	EndGlobalSection
	GlobalSection(SolutionProperties) = preSolution
		HideSolutionNode = FALSE
	EndGlobalSection
	GlobalSection(ExtensibilityGlobals) = postSolution
		SolutionGuid = {F3AC88E7-50B9-4CBD-888E-59408E8A61B2}
	EndGlobalSection
EndGlobal
